
Microsoft Visual Studio Solution File, Format Version 12.00
# Visual Studio 2013
VisualStudioVersion = 12.0.21005.1
MinimumVisualStudioVersion = 10.0.40219.1
Project("{8BC9CEB8-8B4A-11D0-8D11-00A0C91BC942}") = "paho-mqtt3c", "paho-mqtt3c\paho-mqtt3c.vcxproj", "{172F8995-C780-44A1-996C-C7949B4DB35A}"
EndProject
Project("{8BC9CEB8-8B4A-11D0-8D11-00A0C91BC942}") = "paho-mqtt3a", "paho-mqtt3a\paho-mqtt3a.vcxproj", "{B479B6EF-787D-4716-912A-E0F6F7BDA7A9}"
EndProject
Project("{8BC9CEB8-8B4A-11D0-8D11-00A0C91BC942}") = "stdoutsub", "stdoutsub\stdoutsub.vcxproj", "{DFDF6238-DA97-4474-84C2-D313E8B985AE}"
	ProjectSection(ProjectDependencies) = postProject
		{172F8995-C780-44A1-996C-C7949B4DB35A} = {172F8995-C780-44A1-996C-C7949B4DB35A}
	EndProjectSection
EndProject
Project("{8BC9CEB8-8B4A-11D0-8D11-00A0C91BC942}") = "stdoutsuba", "stdoutsuba\stdoutsuba.vcxproj", "{AF322561-C692-43D3-8502-CC1E6CD2869A}"
	ProjectSection(ProjectDependencies) = postProject
		{B479B6EF-787D-4716-912A-E0F6F7BDA7A9} = {B479B6EF-787D-4716-912A-E0F6F7BDA7A9}
	EndProjectSection
EndProject
Project("{8BC9CEB8-8B4A-11D0-8D11-00A0C91BC942}") = "MQTTVersion", "MQTTVersion\MQTTVersion.vcxproj", "{6EFC1F3B-CEE1-4DD2-80B4-CEC37954D468}"
EndProject
Project("{8BC9CEB8-8B4A-11D0-8D11-00A0C91BC942}") = "paho-mqtt3as", "paho-mqtt3as\paho-mqtt3as.vcxproj", "{DEF21D1B-CB65-4A78-805F-CF421249EB83}"
EndProject
Project("{8BC9CEB8-8B4A-11D0-8D11-00A0C91BC942}") = "paho-mqtt3cs", "paho-mqtt3cs\paho-mqtt3cs.vcxproj", "{17F07F98-AA5F-4373-9877-992A341D650A}"
EndProject
Project("{8BC9CEB8-8B4A-11D0-8D11-00A0C91BC942}") = "test1", "test1\test1.vcxproj", "{4E643090-289D-487D-BCA8-685EA2210480}"
	ProjectSection(ProjectDependencies) = postProject
		{172F8995-C780-44A1-996C-C7949B4DB35A} = {172F8995-C780-44A1-996C-C7949B4DB35A}
	EndProjectSection
EndProject
Project("{8BC9CEB8-8B4A-11D0-8D11-00A0C91BC942}") = "test3", "test3\test3.vcxproj", "{0CBDD939-F0C9-4887-8C7E-9E645C34FF94}"
EndProject
Project("{8BC9CEB8-8B4A-11D0-8D11-00A0C91BC942}") = "test4", "test4\test4.vcxproj", "{29D6A4E9-5A39-4CD3-8A24-348A34832405}"
EndProject
Project("{8BC9CEB8-8B4A-11D0-8D11-00A0C91BC942}") = "test5", "test5\test5.vcxproj", "{B8A895EA-C8DE-4235-B4B4-06889BBBDC93}"
EndProject
Project("{8BC9CEB8-8B4A-11D0-8D11-00A0C91BC942}") = "test9", "test9\test9.vcxproj", "{D133C05E-87A6-48C6-A703-188A83B82400}"
EndProject
Project("{8BC9CEB8-8B4A-11D0-8D11-00A0C91BC942}") = "test2", "test2\test2.vcxproj", "{A4E14611-05DC-40A1-815B-DA30CA167C9B}"
EndProject
Global
	GlobalSection(SolutionConfigurationPlatforms) = preSolution
		Debug|Win32 = Debug|Win32
		Debug|x64 = Debug|x64
		Release|Win32 = Release|Win32
		Release|x64 = Release|x64
	EndGlobalSection
	GlobalSection(ProjectConfigurationPlatforms) = postSolution
		{172F8995-C780-44A1-996C-C7949B4DB35A}.Debug|Win32.ActiveCfg = Debug|Win32
		{172F8995-C780-44A1-996C-C7949B4DB35A}.Debug|Win32.Build.0 = Debug|Win32
		{172F8995-C780-44A1-996C-C7949B4DB35A}.Debug|x64.ActiveCfg = Debug|x64
		{172F8995-C780-44A1-996C-C7949B4DB35A}.Debug|x64.Build.0 = Debug|x64
		{172F8995-C780-44A1-996C-C7949B4DB35A}.Release|Win32.ActiveCfg = Release|Win32
		{172F8995-C780-44A1-996C-C7949B4DB35A}.Release|Win32.Build.0 = Release|Win32
		{172F8995-C780-44A1-996C-C7949B4DB35A}.Release|x64.ActiveCfg = Release|x64
		{172F8995-C780-44A1-996C-C7949B4DB35A}.Release|x64.Build.0 = Release|x64
		{B479B6EF-787D-4716-912A-E0F6F7BDA7A9}.Debug|Win32.ActiveCfg = Debug|Win32
		{B479B6EF-787D-4716-912A-E0F6F7BDA7A9}.Debug|Win32.Build.0 = Debug|Win32
		{B479B6EF-787D-4716-912A-E0F6F7BDA7A9}.Debug|x64.ActiveCfg = Debug|x64
		{B479B6EF-787D-4716-912A-E0F6F7BDA7A9}.Debug|x64.Build.0 = Debug|x64
		{B479B6EF-787D-4716-912A-E0F6F7BDA7A9}.Release|Win32.ActiveCfg = Release|Win32
		{B479B6EF-787D-4716-912A-E0F6F7BDA7A9}.Release|Win32.Build.0 = Release|Win32
		{B479B6EF-787D-4716-912A-E0F6F7BDA7A9}.Release|x64.ActiveCfg = Release|x64
		{B479B6EF-787D-4716-912A-E0F6F7BDA7A9}.Release|x64.Build.0 = Release|x64
		{DFDF6238-DA97-4474-84C2-D313E8B985AE}.Debug|Win32.ActiveCfg = Debug|Win32
		{DFDF6238-DA97-4474-84C2-D313E8B985AE}.Debug|Win32.Build.0 = Debug|Win32
		{DFDF6238-DA97-4474-84C2-D313E8B985AE}.Debug|x64.ActiveCfg = Debug|x64
		{DFDF6238-DA97-4474-84C2-D313E8B985AE}.Debug|x64.Build.0 = Debug|x64
		{DFDF6238-DA97-4474-84C2-D313E8B985AE}.Release|Win32.ActiveCfg = Release|Win32
		{DFDF6238-DA97-4474-84C2-D313E8B985AE}.Release|Win32.Build.0 = Release|Win32
		{DFDF6238-DA97-4474-84C2-D313E8B985AE}.Release|x64.ActiveCfg = Release|x64
		{DFDF6238-DA97-4474-84C2-D313E8B985AE}.Release|x64.Build.0 = Release|x64
		{AF322561-C692-43D3-8502-CC1E6CD2869A}.Debug|Win32.ActiveCfg = Debug|Win32
		{AF322561-C692-43D3-8502-CC1E6CD2869A}.Debug|Win32.Build.0 = Debug|Win32
		{AF322561-C692-43D3-8502-CC1E6CD2869A}.Debug|x64.ActiveCfg = Debug|x64
		{AF322561-C692-43D3-8502-CC1E6CD2869A}.Debug|x64.Build.0 = Debug|x64
		{AF322561-C692-43D3-8502-CC1E6CD2869A}.Release|Win32.ActiveCfg = Release|Win32
		{AF322561-C692-43D3-8502-CC1E6CD2869A}.Release|Win32.Build.0 = Release|Win32
		{AF322561-C692-43D3-8502-CC1E6CD2869A}.Release|x64.ActiveCfg = Release|x64
		{AF322561-C692-43D3-8502-CC1E6CD2869A}.Release|x64.Build.0 = Release|x64
		{6EFC1F3B-CEE1-4DD2-80B4-CEC37954D468}.Debug|Win32.ActiveCfg = Debug|Win32
		{6EFC1F3B-CEE1-4DD2-80B4-CEC37954D468}.Debug|Win32.Build.0 = Debug|Win32
		{6EFC1F3B-CEE1-4DD2-80B4-CEC37954D468}.Debug|x64.ActiveCfg = Debug|x64
		{6EFC1F3B-CEE1-4DD2-80B4-CEC37954D468}.Debug|x64.Build.0 = Debug|x64
		{6EFC1F3B-CEE1-4DD2-80B4-CEC37954D468}.Release|Win32.ActiveCfg = Release|Win32
		{6EFC1F3B-CEE1-4DD2-80B4-CEC37954D468}.Release|Win32.Build.0 = Release|Win32
		{6EFC1F3B-CEE1-4DD2-80B4-CEC37954D468}.Release|x64.ActiveCfg = Release|x64
		{6EFC1F3B-CEE1-4DD2-80B4-CEC37954D468}.Release|x64.Build.0 = Release|x64
		{DEF21D1B-CB65-4A78-805F-CF421249EB83}.Debug|Win32.ActiveCfg = Debug|Win32
		{DEF21D1B-CB65-4A78-805F-CF421249EB83}.Debug|Win32.Build.0 = Debug|Win32
		{DEF21D1B-CB65-4A78-805F-CF421249EB83}.Debug|x64.ActiveCfg = Debug|x64
		{DEF21D1B-CB65-4A78-805F-CF421249EB83}.Debug|x64.Build.0 = Debug|x64
		{DEF21D1B-CB65-4A78-805F-CF421249EB83}.Release|Win32.ActiveCfg = Release|Win32
		{DEF21D1B-CB65-4A78-805F-CF421249EB83}.Release|Win32.Build.0 = Release|Win32
		{DEF21D1B-CB65-4A78-805F-CF421249EB83}.Release|x64.ActiveCfg = Release|x64
		{DEF21D1B-CB65-4A78-805F-CF421249EB83}.Release|x64.Build.0 = Release|x64
		{17F07F98-AA5F-4373-9877-992A341D650A}.Debug|Win32.ActiveCfg = Debug|Win32
		{17F07F98-AA5F-4373-9877-992A341D650A}.Debug|Win32.Build.0 = Debug|Win32
		{17F07F98-AA5F-4373-9877-992A341D650A}.Debug|x64.ActiveCfg = Debug|x64
		{17F07F98-AA5F-4373-9877-992A341D650A}.Debug|x64.Build.0 = Debug|x64
		{17F07F98-AA5F-4373-9877-992A341D650A}.Release|Win32.ActiveCfg = Release|Win32
		{17F07F98-AA5F-4373-9877-992A341D650A}.Release|Win32.Build.0 = Release|Win32
		{17F07F98-AA5F-4373-9877-992A341D650A}.Release|x64.ActiveCfg = Release|x64
		{17F07F98-AA5F-4373-9877-992A341D650A}.Release|x64.Build.0 = Release|x64
		{4E643090-289D-487D-BCA8-685EA2210480}.Debug|Win32.ActiveCfg = Debug|Win32
		{4E643090-289D-487D-BCA8-685EA2210480}.Debug|Win32.Build.0 = Debug|Win32
		{4E643090-289D-487D-BCA8-685EA2210480}.Debug|x64.ActiveCfg = Debug|x64
		{4E643090-289D-487D-BCA8-685EA2210480}.Debug|x64.Build.0 = Debug|x64
		{4E643090-289D-487D-BCA8-685EA2210480}.Release|Win32.ActiveCfg = Release|Win32
		{4E643090-289D-487D-BCA8-685EA2210480}.Release|Win32.Build.0 = Release|Win32
		{4E643090-289D-487D-BCA8-685EA2210480}.Release|x64.ActiveCfg = Release|x64
		{4E643090-289D-487D-BCA8-685EA2210480}.Release|x64.Build.0 = Release|x64
		{0CBDD939-F0C9-4887-8C7E-9E645C34FF94}.Debug|Win32.ActiveCfg = Debug|Win32
		{0CBDD939-F0C9-4887-8C7E-9E645C34FF94}.Debug|Win32.Build.0 = Debug|Win32
		{0CBDD939-F0C9-4887-8C7E-9E645C34FF94}.Debug|x64.ActiveCfg = Debug|x64
		{0CBDD939-F0C9-4887-8C7E-9E645C34FF94}.Debug|x64.Build.0 = Debug|x64
		{0CBDD939-F0C9-4887-8C7E-9E645C34FF94}.Release|Win32.ActiveCfg = Release|Win32
		{0CBDD939-F0C9-4887-8C7E-9E645C34FF94}.Release|Win32.Build.0 = Release|Win32
		{0CBDD939-F0C9-4887-8C7E-9E645C34FF94}.Release|x64.ActiveCfg = Release|x64
		{0CBDD939-F0C9-4887-8C7E-9E645C34FF94}.Release|x64.Build.0 = Release|x64
		{29D6A4E9-5A39-4CD3-8A24-348A34832405}.Debug|Win32.ActiveCfg = Debug|Win32
		{29D6A4E9-5A39-4CD3-8A24-348A34832405}.Debug|Win32.Build.0 = Debug|Win32
		{29D6A4E9-5A39-4CD3-8A24-348A34832405}.Debug|x64.ActiveCfg = Debug|x64
		{29D6A4E9-5A39-4CD3-8A24-348A34832405}.Debug|x64.Build.0 = Debug|x64
		{29D6A4E9-5A39-4CD3-8A24-348A34832405}.Release|Win32.ActiveCfg = Release|Win32
		{29D6A4E9-5A39-4CD3-8A24-348A34832405}.Release|Win32.Build.0 = Release|Win32
		{29D6A4E9-5A39-4CD3-8A24-348A34832405}.Release|x64.ActiveCfg = Release|x64
		{29D6A4E9-5A39-4CD3-8A24-348A34832405}.Release|x64.Build.0 = Release|x64
		{B8A895EA-C8DE-4235-B4B4-06889BBBDC93}.Debug|Win32.ActiveCfg = Debug|Win32
		{B8A895EA-C8DE-4235-B4B4-06889BBBDC93}.Debug|Win32.Build.0 = Debug|Win32
		{B8A895EA-C8DE-4235-B4B4-06889BBBDC93}.Debug|x64.ActiveCfg = Debug|x64
		{B8A895EA-C8DE-4235-B4B4-06889BBBDC93}.Debug|x64.Build.0 = Debug|x64
		{B8A895EA-C8DE-4235-B4B4-06889BBBDC93}.Release|Win32.ActiveCfg = Release|Win32
		{B8A895EA-C8DE-4235-B4B4-06889BBBDC93}.Release|Win32.Build.0 = Release|Win32
		{B8A895EA-C8DE-4235-B4B4-06889BBBDC93}.Release|x64.ActiveCfg = Release|x64
		{B8A895EA-C8DE-4235-B4B4-06889BBBDC93}.Release|x64.Build.0 = Release|x64
		{D133C05E-87A6-48C6-A703-188A83B82400}.Debug|Win32.ActiveCfg = Debug|Win32
		{D133C05E-87A6-48C6-A703-188A83B82400}.Debug|Win32.Build.0 = Debug|Win32
		{D133C05E-87A6-48C6-A703-188A83B82400}.Debug|x64.ActiveCfg = Debug|Win32
		{D133C05E-87A6-48C6-A703-188A83B82400}.Release|Win32.ActiveCfg = Release|Win32
		{D133C05E-87A6-48C6-A703-188A83B82400}.Release|Win32.Build.0 = Release|Win32
		{D133C05E-87A6-48C6-A703-188A83B82400}.Release|x64.ActiveCfg = Release|Win32
		{A4E14611-05DC-40A1-815B-DA30CA167C9B}.Debug|Win32.ActiveCfg = Debug|Win32
		{A4E14611-05DC-40A1-815B-DA30CA167C9B}.Debug|Win32.Build.0 = Debug|Win32
		{A4E14611-05DC-40A1-815B-DA30CA167C9B}.Debug|x64.ActiveCfg = Debug|Win32
		{A4E14611-05DC-40A1-815B-DA30CA167C9B}.Release|Win32.ActiveCfg = Release|Win32
		{A4E14611-05DC-40A1-815B-DA30CA167C9B}.Release|Win32.Build.0 = Release|Win32
		{A4E14611-05DC-40A1-815B-DA30CA167C9B}.Release|x64.ActiveCfg = Release|Win32
	EndGlobalSection
	GlobalSection(SolutionProperties) = preSolution
		HideSolutionNode = FALSE
	EndGlobalSection
EndGlobal
